# This file is automatically @generated by Cargo.
# It is not intended for manual editing.
[[package]]
name = "arc_learn"
version = "0.0.1"

[[package]]
name = "buying_a_car"
version = "0.0.1"

[[package]]
name = "dir_reduc"
version = "0.0.1"

[[package]]
name = "factorial_decomposition"
version = "0.0.1"

[[package]]
name = "good_vs_evil"
version = "0.0.1"

[[package]]
name = "rust-test"
version = "0.1.0"
dependencies = [
 "arc_learn 0.0.1",
 "buying_a_car 0.0.1",
 "dir_reduc 0.0.1",
 "factorial_decomposition 0.0.1",
 "good_vs_evil 0.0.1",
]

